{
  "nodes": {
    "elab-util": {
      "flake": false,
      "locked": {
        "lastModified": 1712832655,
        "narHash": "sha256-yHKTtUx91kvdGEwimpbMg+c4rEasfuk+W97yiwTNgcQ=",
        "owner": "stefan-hoeck",
        "repo": "idris2-elab-util",
        "rev": "4ee05e54b80986f05ee5a79e16cb51d4ef6cfb65",
        "type": "github"
      },
      "original": {
        "owner": "stefan-hoeck",
        "repo": "idris2-elab-util",
        "type": "github"
      }
    },
    "filepath": {
      "flake": false,
      "locked": {
        "lastModified": 1712288613,
        "narHash": "sha256-lyKevOBgWhDvHlLkSkjBsMNXPhPr0EEhhAPJuKpCF7A=",
        "owner": "stefan-hoeck",
        "repo": "idris2-filepath",
        "rev": "63dab635a40fd1ee19c07cd789c9099b357d92d1",
        "type": "github"
      },
      "original": {
        "owner": "stefan-hoeck",
        "repo": "idris2-filepath",
        "type": "github"
      }
    },
    "flake-utils": {
      "inputs": {
        "systems": "systems"
      },
      "locked": {
        "lastModified": 1710146030,
        "narHash": "sha256-SZ5L6eA7HJ/nmkzGG7/ISclqe6oZdOZTNoesiInkXPQ=",
        "owner": "numtide",
        "repo": "flake-utils",
        "rev": "b1d9ab70662946ef0850d488da1c9019f3a9752a",
        "type": "github"
      },
      "original": {
        "owner": "numtide",
        "repo": "flake-utils",
        "type": "github"
      }
    },
    "getopts": {
      "flake": false,
      "locked": {
        "lastModified": 1698479903,
        "narHash": "sha256-CthWByg4uFic0ktri1AuFqkHtyRzIUrreCTegQgdpVo=",
        "owner": "idris-community",
        "repo": "idris2-getopts",
        "rev": "0d41b98f83f3707deb0ffbc595ef36b7d9cb9eab",
        "type": "github"
      },
      "original": {
        "owner": "idris-community",
        "repo": "idris2-getopts",
        "type": "github"
      }
    },
    "idris": {
      "inputs": {
        "flake-utils": [
          "flake-utils"
        ],
        "idris-emacs-src": "idris-emacs-src",
        "nixpkgs": [
          "nixpkgs"
        ]
      },
      "locked": {
        "lastModified": 1725199044,
        "narHash": "sha256-iiNvbLIfOnMYy9FnCb5t4D1fl0nSoH7hCJVrxXteZrU=",
        "owner": "idris-lang",
        "repo": "Idris2",
        "rev": "5459e1726582c7326c3846bd98dfaeb9ac25cdfc",
        "type": "github"
      },
      "original": {
        "owner": "idris-lang",
        "repo": "Idris2",
        "type": "github"
      }
    },
    "idris-emacs-src": {
      "flake": false,
      "locked": {
        "lastModified": 1666078909,
        "narHash": "sha256-oYNHFIpcrFfPb4sXJwEBFKeH+PB4AGCrAFrfBrSTCeo=",
        "owner": "redfish64",
        "repo": "idris2-mode",
        "rev": "3bcb52a65c488f31c99d20f235f6050418a84c9d",
        "type": "github"
      },
      "original": {
        "owner": "redfish64",
        "repo": "idris2-mode",
        "type": "github"
      }
    },
    "nixpkgs": {
      "locked": {
        "lastModified": 1725534445,
        "narHash": "sha256-Yd0FK9SkWy+ZPuNqUgmVPXokxDgMJoGuNpMEtkfcf84=",
        "owner": "NixOS",
        "repo": "nixpkgs",
        "rev": "9bb1e7571aadf31ddb4af77fc64b2d59580f9a39",
        "type": "github"
      },
      "original": {
        "id": "nixpkgs",
        "type": "indirect"
      }
    },
    "parser-toml": {
      "flake": false,
      "locked": {
        "lastModified": 1719479699,
        "narHash": "sha256-9sOLSTXK6SuMzjelaR8YNtTJROHouC2Yd8bjmOhGe9g=",
        "owner": "cuddlefishie",
        "repo": "toml-idr",
        "rev": "7e5c4f3cc2ff028f665653b43c4c1f9b0a8211e2",
        "type": "github"
      },
      "original": {
        "owner": "cuddlefishie",
        "repo": "toml-idr",
        "type": "github"
      }
    },
    "root": {
      "inputs": {
        "elab-util": "elab-util",
        "filepath": "filepath",
        "flake-utils": "flake-utils",
        "getopts": "getopts",
        "idris": "idris",
        "nixpkgs": "nixpkgs",
        "parser-toml": "parser-toml"
      }
    },
    "systems": {
      "locked": {
        "lastModified": 1681028828,
        "narHash": "sha256-Vy1rq5AaRuLzOxct8nz4T6wlgyUR7zLU309k9mBC768=",
        "owner": "nix-systems",
        "repo": "default",
        "rev": "da67096a3b9bf56a91d16901293e51ba5b49a27e",
        "type": "github"
      },
      "original": {
        "owner": "nix-systems",
        "repo": "default",
        "type": "github"
      }
    }
  },
  "root": "root",
  "version": 7
}
